Microsoft Visual Studio Solution File, Format Version 12.00
# Visual Studio Version 17
VisualStudioVersion = 17.5.2.0
MinimumVisualStudioVersion = 10.0.40219.1
Project("{FAE04EC0-301F-11D3-BF4B-00C04F79EFBC}") = "EduMap-Backend", "EduMap-Backend.csproj", "{9988B922-4576-D493-9F58-500BDD02862F}"
EndProject
Global
	GlobalSection(SolutionConfigurationPlatforms) = preSolution
		Debug|Any CPU = Debug|Any CPU
		Release|Any CPU = Release|Any CPU
	EndGlobalSection
	GlobalSection(ProjectConfigurationPlatforms) = postSolution
		{9988B922-4576-D493-9F58-500BDD02862F}.Debug|Any CPU.ActiveCfg = Debug|Any CPU
		{9988B922-4576-D493-9F58-500BDD02862F}.Debug|Any CPU.Build.0 = Debug|Any CPU
		{9988B922-4576-D493-9F58-500BDD02862F}.Release|Any CPU.ActiveCfg = Release|Any CPU
		{9988B922-4576-D493-9F58-500BDD02862F}.Release|Any CPU.Build.0 = Release|Any CPU
	EndGlobalSection
	GlobalSection(SolutionProperties) = preSolution
		HideSolutionNode = FALSE
	EndGlobalSection
	GlobalSection(ExtensibilityGlobals) = postSolution
		SolutionGuid = {ED5EAE9B-D9B9-42CA-A9E4-6BF57248061C}
	EndGlobalSection
EndGlobal
